<?xml version="1.0" encoding="utf-8"?>
<Project ToolsVersion="4.0" xmlns="http://schemas.microsoft.com/developer/msbuild/2003">
  <ItemGroup>
    <Filter Include="Source Files">
      <UniqueIdentifier>{4FC737F1-C7A5-4376-A066-2A32D752A2FF}</UniqueIdentifier>
      <Extensions>cpp;c;cc;cxx;c++;cppm;ixx;def;odl;idl;hpj;bat;asm;asmx</Extensions>
    </Filter>
    <Filter Include="Header Files">
      <UniqueIdentifier>{93995380-89BD-4b04-88EB-625FBE52EBFB}</UniqueIdentifier>
      <Extensions>h;hh;hpp;hxx;h++;hm;inl;inc;ipp;xsd</Extensions>
    </Filter>
    <Filter Include="Resource Files">
      <UniqueIdentifier>{67DA6AB6-F800-4c08-8B7A-83BB121AAD01}</UniqueIdentifier>
      <Extensions>rc;ico;cur;bmp;dlg;rc2;rct;bin;rgs;gif;jpg;jpeg;jpe;resx;tiff;tif;png;wav;mfcribbon-ms</Extensions>
    </Filter>
  </ItemGroup>
  <ItemGroup>
    <ClInclude Include="ClassHangHoa.h">
      <Filter>Header Files</Filter>
    </ClInclude>
    <ClInclude Include="ClassDongHo.h">
      <Filter>Header Files</Filter>
    </ClInclude>
    <ClInclude Include="ClassMenu.h">
      <Filter>Header Files</Filter>
    </ClInclude>
    <ClInclude Include="ClassPhuKien.h">
      <Filter>Header Files</Filter>
    </ClInclude>
    <ClInclude Include="ClassTBDienTu.h">
      <Filter>Header Files</Filter>
    </ClInclude>
    <ClInclude Include="ClassDienThoai.h">
      <Filter>Header Files</Filter>
    </ClInclude>
    <ClInclude Include="ClassLapTop.h">
      <Filter>Header Files</Filter>
    </ClInclude>
  </ItemGroup>
  <ItemGroup>
    <ClCompile Include="ClassHangHoa.cpp">
      <Filter>Source Files</Filter>
    </ClCompile>
    <ClCompile Include="ClassDongHo.cpp">
      <Filter>Source Files</Filter>
    </ClCompile>
    <ClCompile Include="ClassMenu.cpp">
      <Filter>Source Files</Filter>
    </ClCompile>
    <ClCompile Include="Source.cpp">
      <Filter>Source Files</Filter>
    </ClCompile>
    <ClCompile Include="ClassPhuKien.cpp">
      <Filter>Source Files</Filter>
    </ClCompile>
    <ClCompile Include="ClassTBDienTu.cpp">
      <Filter>Source Files</Filter>
    </ClCompile>
    <ClCompile Include="ClassDienThoai.cpp">
      <Filter>Source Files</Filter>
    </ClCompile>
    <ClCompile Include="ClassLapTop.cpp">
      <Filter>Source Files</Filter>
    </ClCompile>
  </ItemGroup>
</Project>